{
	"name": "bpq-application-template",
	"version": "1.1.0",
	"lockfileVersion": 3,
	"requires": true,
	"packages": {
		"": {
			"name": "bpq-application-template",
			"version": "1.1.0",
			"dependencies": {
				"bpq-menu-system": "1.0.3",
				"lodash-es": "4.17.21"
			}
		},
		"node_modules/bpq-menu-system": {
			"version": "1.0.3",
			"resolved": "https://registry.npmjs.org/bpq-menu-system/-/bpq-menu-system-1.0.3.tgz",
			"integrity": "sha512-5A61QH73hWKJDvGfrl820LXK/dWMIdiEfEAUWtKYOBk1Plqz3DYNgHLZ5bS3MKc1j60pjRcSxvjSlfvA6k6bPA==",
			"dependencies": {
				"lodash-es": "4.17.21"
			}
		},
		"node_modules/lodash-es": {
			"version": "4.17.21",
			"resolved": "http://npm.trippnology.net:4873/lodash-es/-/lodash-es-4.17.21.tgz",
			"integrity": "sha512-mKnC+QJ9pWVzv+C4/U3rRsHapFfHvQFoFB92e52xeyGMcX6/OlIl78je1u8vePzYZSkkogMPJ2yjxxsb89cxyw==",
			"license": "MIT"
		}
	}
}
